
Microsoft Visual Studio Solution File, Format Version 12.00
# Visual Studio Version 17
VisualStudioVersion = 17.14.36414.22
MinimumVisualStudioVersion = 10.0.40219.1
Project("{FAE04EC0-301F-11D3-BF4B-00C04F79EFBC}") = "MultiTenantInvoice.Api", "MultiTenantInvoice.Api\MultiTenantInvoice.Api.csproj", "{819C4B70-8F3B-475E-BCCC-4CCFADA065D7}"
EndProject
Project("{2150E333-8FDC-42A3-9474-1A3956D46DE8}") = "Src", "Src", "{02EA681E-C7D8-13C7-8484-4AC65E1B71E8}"
EndProject
Project("{2150E333-8FDC-42A3-9474-1A3956D46DE8}") = "Test", "Test", "{F7B6B722-06D9-47A7-8E70-4335BD7D6558}"
EndProject
Project("{FAE04EC0-301F-11D3-BF4B-00C04F79EFBC}") = "MultiTenantInvoice.Application", "MultiTenantInvoice.Application\MultiTenantInvoice.Application.csproj", "{158BBA4D-C621-4470-BB21-4545722BBC71}"
EndProject
Project("{FAE04EC0-301F-11D3-BF4B-00C04F79EFBC}") = "MultiTenantInvoice.Domain", "MultiTenantInvoice.Domain\MultiTenantInvoice.Domain.csproj", "{CDBF72CA-4553-46B3-ABD5-5E2B5BB9E23D}"
EndProject
Project("{FAE04EC0-301F-11D3-BF4B-00C04F79EFBC}") = "MultiTenantInvoice.Infrastructure", "MultiTenantInvoice.Infrastructure\MultiTenantInvoice.Infrastructure.csproj", "{671E2072-79F8-4BD3-8C9E-CF3476FC93CE}"
EndProject
Project("{FAE04EC0-301F-11D3-BF4B-00C04F79EFBC}") = "MultiTenantInvoice.Shared", "MultiTenantInvoice.Shared\MultiTenantInvoice.Shared.csproj", "{B0628A56-4FA9-4593-9D87-B300D043AB95}"
EndProject
Global
	GlobalSection(SolutionConfigurationPlatforms) = preSolution
		Debug|Any CPU = Debug|Any CPU
		Release|Any CPU = Release|Any CPU
	EndGlobalSection
	GlobalSection(ProjectConfigurationPlatforms) = postSolution
		{819C4B70-8F3B-475E-BCCC-4CCFADA065D7}.Debug|Any CPU.ActiveCfg = Debug|Any CPU
		{819C4B70-8F3B-475E-BCCC-4CCFADA065D7}.Debug|Any CPU.Build.0 = Debug|Any CPU
		{819C4B70-8F3B-475E-BCCC-4CCFADA065D7}.Release|Any CPU.ActiveCfg = Release|Any CPU
		{819C4B70-8F3B-475E-BCCC-4CCFADA065D7}.Release|Any CPU.Build.0 = Release|Any CPU
		{158BBA4D-C621-4470-BB21-4545722BBC71}.Debug|Any CPU.ActiveCfg = Debug|Any CPU
		{158BBA4D-C621-4470-BB21-4545722BBC71}.Debug|Any CPU.Build.0 = Debug|Any CPU
		{158BBA4D-C621-4470-BB21-4545722BBC71}.Release|Any CPU.ActiveCfg = Release|Any CPU
		{158BBA4D-C621-4470-BB21-4545722BBC71}.Release|Any CPU.Build.0 = Release|Any CPU
		{CDBF72CA-4553-46B3-ABD5-5E2B5BB9E23D}.Debug|Any CPU.ActiveCfg = Debug|Any CPU
		{CDBF72CA-4553-46B3-ABD5-5E2B5BB9E23D}.Debug|Any CPU.Build.0 = Debug|Any CPU
		{CDBF72CA-4553-46B3-ABD5-5E2B5BB9E23D}.Release|Any CPU.ActiveCfg = Release|Any CPU
		{CDBF72CA-4553-46B3-ABD5-5E2B5BB9E23D}.Release|Any CPU.Build.0 = Release|Any CPU
		{671E2072-79F8-4BD3-8C9E-CF3476FC93CE}.Debug|Any CPU.ActiveCfg = Debug|Any CPU
		{671E2072-79F8-4BD3-8C9E-CF3476FC93CE}.Debug|Any CPU.Build.0 = Debug|Any CPU
		{671E2072-79F8-4BD3-8C9E-CF3476FC93CE}.Release|Any CPU.ActiveCfg = Release|Any CPU
		{671E2072-79F8-4BD3-8C9E-CF3476FC93CE}.Release|Any CPU.Build.0 = Release|Any CPU
		{B0628A56-4FA9-4593-9D87-B300D043AB95}.Debug|Any CPU.ActiveCfg = Debug|Any CPU
		{B0628A56-4FA9-4593-9D87-B300D043AB95}.Debug|Any CPU.Build.0 = Debug|Any CPU
		{B0628A56-4FA9-4593-9D87-B300D043AB95}.Release|Any CPU.ActiveCfg = Release|Any CPU
		{B0628A56-4FA9-4593-9D87-B300D043AB95}.Release|Any CPU.Build.0 = Release|Any CPU
	EndGlobalSection
	GlobalSection(SolutionProperties) = preSolution
		HideSolutionNode = FALSE
	EndGlobalSection
	GlobalSection(NestedProjects) = preSolution
		{819C4B70-8F3B-475E-BCCC-4CCFADA065D7} = {02EA681E-C7D8-13C7-8484-4AC65E1B71E8}
		{158BBA4D-C621-4470-BB21-4545722BBC71} = {02EA681E-C7D8-13C7-8484-4AC65E1B71E8}
		{CDBF72CA-4553-46B3-ABD5-5E2B5BB9E23D} = {02EA681E-C7D8-13C7-8484-4AC65E1B71E8}
		{671E2072-79F8-4BD3-8C9E-CF3476FC93CE} = {02EA681E-C7D8-13C7-8484-4AC65E1B71E8}
		{B0628A56-4FA9-4593-9D87-B300D043AB95} = {02EA681E-C7D8-13C7-8484-4AC65E1B71E8}
	EndGlobalSection
	GlobalSection(ExtensibilityGlobals) = postSolution
		SolutionGuid = {C9BCFA66-F90A-4B7D-A2AD-B29CBA246F79}
	EndGlobalSection
EndGlobal
